
Microsoft Visual Studio Solution File, Format Version 12.00
# Visual Studio Version 17
VisualStudioVersion = 17.11.35312.102
MinimumVisualStudioVersion = 10.0.40219.1
Project("{8BC9CEB8-8B4A-11D0-8D11-00A0C91BC942}") = "Lab12_Var5.2", "Lab12_Var5.2.vcxproj", "{36337C6D-BF75-4C73-A60A-B1C4611580F6}"
EndProject
Global
	GlobalSection(SolutionConfigurationPlatforms) = preSolution
		Debug|x64 = Debug|x64
		Debug|x86 = Debug|x86
		Release|x64 = Release|x64
		Release|x86 = Release|x86
	EndGlobalSection
	GlobalSection(ProjectConfigurationPlatforms) = postSolution
		{36337C6D-BF75-4C73-A60A-B1C4611580F6}.Debug|x64.ActiveCfg = Debug|x64
		{36337C6D-BF75-4C73-A60A-B1C4611580F6}.Debug|x64.Build.0 = Debug|x64
		{36337C6D-BF75-4C73-A60A-B1C4611580F6}.Debug|x86.ActiveCfg = Debug|Win32
		{36337C6D-BF75-4C73-A60A-B1C4611580F6}.Debug|x86.Build.0 = Debug|Win32
		{36337C6D-BF75-4C73-A60A-B1C4611580F6}.Release|x64.ActiveCfg = Release|x64
		{36337C6D-BF75-4C73-A60A-B1C4611580F6}.Release|x64.Build.0 = Release|x64
		{36337C6D-BF75-4C73-A60A-B1C4611580F6}.Release|x86.ActiveCfg = Release|Win32
		{36337C6D-BF75-4C73-A60A-B1C4611580F6}.Release|x86.Build.0 = Release|Win32
	EndGlobalSection
	GlobalSection(SolutionProperties) = preSolution
		HideSolutionNode = FALSE
	EndGlobalSection
	GlobalSection(ExtensibilityGlobals) = postSolution
		SolutionGuid = {D66866B5-76FA-4C85-8251-660E3B8AD7A1}
	EndGlobalSection
EndGlobal
