
Microsoft Visual Studio Solution File, Format Version 12.00
# Visual Studio Version 17
VisualStudioVersion = 17.11.35222.181
MinimumVisualStudioVersion = 10.0.40219.1
Project("{8BC9CEB8-8B4A-11D0-8D11-00A0C91BC942}") = "LAB_05", "LAB_05\LAB_05.vcxproj", "{F696B17C-6212-4E79-B975-5EC2A77C2185}"
EndProject
Project("{8BC9CEB8-8B4A-11D0-8D11-00A0C91BC942}") = "PR_2", "PR_2\PR_2.vcxproj", "{B14BE987-AB25-406D-9BE3-AAD5F04ED0FC}"
EndProject
Project("{8BC9CEB8-8B4A-11D0-8D11-00A0C91BC942}") = "PR_3", "PR_3\PR_3.vcxproj", "{411C7865-CA9B-4746-9369-737776FF7A95}"
EndProject
Project("{8BC9CEB8-8B4A-11D0-8D11-00A0C91BC942}") = "EX_1(4)", "EX_1(4)\EX_1(4).vcxproj", "{493A5601-C641-4CB3-83F8-A8D12937904B}"
EndProject
Project("{8BC9CEB8-8B4A-11D0-8D11-00A0C91BC942}") = "V3", "V3\V3.vcxproj", "{7B10CDCB-8AC0-4550-89DA-39891AAF1B51}"
EndProject
Project("{8BC9CEB8-8B4A-11D0-8D11-00A0C91BC942}") = "EX_6", "EX_6\EX_6.vcxproj", "{DE0DA562-EA7E-40BE-8825-34C475DB623C}"
EndProject
Project("{8BC9CEB8-8B4A-11D0-8D11-00A0C91BC942}") = "DOP_1", "DOP_1\DOP_1.vcxproj", "{B1B99A81-8E3A-47CF-B1E1-A63816CADDBC}"
EndProject
Project("{8BC9CEB8-8B4A-11D0-8D11-00A0C91BC942}") = "DOP_2", "DOP_2\DOP_2.vcxproj", "{13C4659B-7C2D-4915-8F01-AF5DCB1BBAEF}"
EndProject
Project("{8BC9CEB8-8B4A-11D0-8D11-00A0C91BC942}") = "DOP_3", "DOP_3\DOP_3.vcxproj", "{DFEEB7E3-7ADA-47B5-AB2C-CAA670BF3A13}"
EndProject
Project("{8BC9CEB8-8B4A-11D0-8D11-00A0C91BC942}") = "DOP_4", "DOP_4\DOP_4.vcxproj", "{0AD94C76-D3A6-47F4-8ABF-C048676BDC65}"
EndProject
Project("{8BC9CEB8-8B4A-11D0-8D11-00A0C91BC942}") = "DOP_5", "DOP_5\DOP_5.vcxproj", "{EDDC446D-0787-4BCF-BE78-8675A3E2DD3E}"
EndProject
Global
	GlobalSection(SolutionConfigurationPlatforms) = preSolution
		Debug|x64 = Debug|x64
		Debug|x86 = Debug|x86
		Release|x64 = Release|x64
		Release|x86 = Release|x86
	EndGlobalSection
	GlobalSection(ProjectConfigurationPlatforms) = postSolution
		{F696B17C-6212-4E79-B975-5EC2A77C2185}.Debug|x64.ActiveCfg = Debug|x64
		{F696B17C-6212-4E79-B975-5EC2A77C2185}.Debug|x64.Build.0 = Debug|x64
		{F696B17C-6212-4E79-B975-5EC2A77C2185}.Debug|x86.ActiveCfg = Debug|Win32
		{F696B17C-6212-4E79-B975-5EC2A77C2185}.Debug|x86.Build.0 = Debug|Win32
		{F696B17C-6212-4E79-B975-5EC2A77C2185}.Release|x64.ActiveCfg = Release|x64
		{F696B17C-6212-4E79-B975-5EC2A77C2185}.Release|x64.Build.0 = Release|x64
		{F696B17C-6212-4E79-B975-5EC2A77C2185}.Release|x86.ActiveCfg = Release|Win32
		{F696B17C-6212-4E79-B975-5EC2A77C2185}.Release|x86.Build.0 = Release|Win32
		{B14BE987-AB25-406D-9BE3-AAD5F04ED0FC}.Debug|x64.ActiveCfg = Debug|x64
		{B14BE987-AB25-406D-9BE3-AAD5F04ED0FC}.Debug|x64.Build.0 = Debug|x64
		{B14BE987-AB25-406D-9BE3-AAD5F04ED0FC}.Debug|x86.ActiveCfg = Debug|Win32
		{B14BE987-AB25-406D-9BE3-AAD5F04ED0FC}.Debug|x86.Build.0 = Debug|Win32
		{B14BE987-AB25-406D-9BE3-AAD5F04ED0FC}.Release|x64.ActiveCfg = Release|x64
		{B14BE987-AB25-406D-9BE3-AAD5F04ED0FC}.Release|x64.Build.0 = Release|x64
		{B14BE987-AB25-406D-9BE3-AAD5F04ED0FC}.Release|x86.ActiveCfg = Release|Win32
		{B14BE987-AB25-406D-9BE3-AAD5F04ED0FC}.Release|x86.Build.0 = Release|Win32
		{411C7865-CA9B-4746-9369-737776FF7A95}.Debug|x64.ActiveCfg = Debug|x64
		{411C7865-CA9B-4746-9369-737776FF7A95}.Debug|x64.Build.0 = Debug|x64
		{411C7865-CA9B-4746-9369-737776FF7A95}.Debug|x86.ActiveCfg = Debug|Win32
		{411C7865-CA9B-4746-9369-737776FF7A95}.Debug|x86.Build.0 = Debug|Win32
		{411C7865-CA9B-4746-9369-737776FF7A95}.Release|x64.ActiveCfg = Release|x64
		{411C7865-CA9B-4746-9369-737776FF7A95}.Release|x64.Build.0 = Release|x64
		{411C7865-CA9B-4746-9369-737776FF7A95}.Release|x86.ActiveCfg = Release|Win32
		{411C7865-CA9B-4746-9369-737776FF7A95}.Release|x86.Build.0 = Release|Win32
		{493A5601-C641-4CB3-83F8-A8D12937904B}.Debug|x64.ActiveCfg = Debug|x64
		{493A5601-C641-4CB3-83F8-A8D12937904B}.Debug|x64.Build.0 = Debug|x64
		{493A5601-C641-4CB3-83F8-A8D12937904B}.Debug|x86.ActiveCfg = Debug|Win32
		{493A5601-C641-4CB3-83F8-A8D12937904B}.Debug|x86.Build.0 = Debug|Win32
		{493A5601-C641-4CB3-83F8-A8D12937904B}.Release|x64.ActiveCfg = Release|x64
		{493A5601-C641-4CB3-83F8-A8D12937904B}.Release|x64.Build.0 = Release|x64
		{493A5601-C641-4CB3-83F8-A8D12937904B}.Release|x86.ActiveCfg = Release|Win32
		{493A5601-C641-4CB3-83F8-A8D12937904B}.Release|x86.Build.0 = Release|Win32
		{7B10CDCB-8AC0-4550-89DA-39891AAF1B51}.Debug|x64.ActiveCfg = Debug|x64
		{7B10CDCB-8AC0-4550-89DA-39891AAF1B51}.Debug|x64.Build.0 = Debug|x64
		{7B10CDCB-8AC0-4550-89DA-39891AAF1B51}.Debug|x86.ActiveCfg = Debug|Win32
		{7B10CDCB-8AC0-4550-89DA-39891AAF1B51}.Debug|x86.Build.0 = Debug|Win32
		{7B10CDCB-8AC0-4550-89DA-39891AAF1B51}.Release|x64.ActiveCfg = Release|x64
		{7B10CDCB-8AC0-4550-89DA-39891AAF1B51}.Release|x64.Build.0 = Release|x64
		{7B10CDCB-8AC0-4550-89DA-39891AAF1B51}.Release|x86.ActiveCfg = Release|Win32
		{7B10CDCB-8AC0-4550-89DA-39891AAF1B51}.Release|x86.Build.0 = Release|Win32
		{DE0DA562-EA7E-40BE-8825-34C475DB623C}.Debug|x64.ActiveCfg = Debug|x64
		{DE0DA562-EA7E-40BE-8825-34C475DB623C}.Debug|x64.Build.0 = Debug|x64
		{DE0DA562-EA7E-40BE-8825-34C475DB623C}.Debug|x86.ActiveCfg = Debug|Win32
		{DE0DA562-EA7E-40BE-8825-34C475DB623C}.Debug|x86.Build.0 = Debug|Win32
		{DE0DA562-EA7E-40BE-8825-34C475DB623C}.Release|x64.ActiveCfg = Release|x64
		{DE0DA562-EA7E-40BE-8825-34C475DB623C}.Release|x64.Build.0 = Release|x64
		{DE0DA562-EA7E-40BE-8825-34C475DB623C}.Release|x86.ActiveCfg = Release|Win32
		{DE0DA562-EA7E-40BE-8825-34C475DB623C}.Release|x86.Build.0 = Release|Win32
		{B1B99A81-8E3A-47CF-B1E1-A63816CADDBC}.Debug|x64.ActiveCfg = Debug|x64
		{B1B99A81-8E3A-47CF-B1E1-A63816CADDBC}.Debug|x64.Build.0 = Debug|x64
		{B1B99A81-8E3A-47CF-B1E1-A63816CADDBC}.Debug|x86.ActiveCfg = Debug|Win32
		{B1B99A81-8E3A-47CF-B1E1-A63816CADDBC}.Debug|x86.Build.0 = Debug|Win32
		{B1B99A81-8E3A-47CF-B1E1-A63816CADDBC}.Release|x64.ActiveCfg = Release|x64
		{B1B99A81-8E3A-47CF-B1E1-A63816CADDBC}.Release|x64.Build.0 = Release|x64
		{B1B99A81-8E3A-47CF-B1E1-A63816CADDBC}.Release|x86.ActiveCfg = Release|Win32
		{B1B99A81-8E3A-47CF-B1E1-A63816CADDBC}.Release|x86.Build.0 = Release|Win32
		{13C4659B-7C2D-4915-8F01-AF5DCB1BBAEF}.Debug|x64.ActiveCfg = Debug|x64
		{13C4659B-7C2D-4915-8F01-AF5DCB1BBAEF}.Debug|x64.Build.0 = Debug|x64
		{13C4659B-7C2D-4915-8F01-AF5DCB1BBAEF}.Debug|x86.ActiveCfg = Debug|Win32
		{13C4659B-7C2D-4915-8F01-AF5DCB1BBAEF}.Debug|x86.Build.0 = Debug|Win32
		{13C4659B-7C2D-4915-8F01-AF5DCB1BBAEF}.Release|x64.ActiveCfg = Release|x64
		{13C4659B-7C2D-4915-8F01-AF5DCB1BBAEF}.Release|x64.Build.0 = Release|x64
		{13C4659B-7C2D-4915-8F01-AF5DCB1BBAEF}.Release|x86.ActiveCfg = Release|Win32
		{13C4659B-7C2D-4915-8F01-AF5DCB1BBAEF}.Release|x86.Build.0 = Release|Win32
		{DFEEB7E3-7ADA-47B5-AB2C-CAA670BF3A13}.Debug|x64.ActiveCfg = Debug|x64
		{DFEEB7E3-7ADA-47B5-AB2C-CAA670BF3A13}.Debug|x64.Build.0 = Debug|x64
		{DFEEB7E3-7ADA-47B5-AB2C-CAA670BF3A13}.Debug|x86.ActiveCfg = Debug|Win32
		{DFEEB7E3-7ADA-47B5-AB2C-CAA670BF3A13}.Debug|x86.Build.0 = Debug|Win32
		{DFEEB7E3-7ADA-47B5-AB2C-CAA670BF3A13}.Release|x64.ActiveCfg = Release|x64
		{DFEEB7E3-7ADA-47B5-AB2C-CAA670BF3A13}.Release|x64.Build.0 = Release|x64
		{DFEEB7E3-7ADA-47B5-AB2C-CAA670BF3A13}.Release|x86.ActiveCfg = Release|Win32
		{DFEEB7E3-7ADA-47B5-AB2C-CAA670BF3A13}.Release|x86.Build.0 = Release|Win32
		{0AD94C76-D3A6-47F4-8ABF-C048676BDC65}.Debug|x64.ActiveCfg = Debug|x64
		{0AD94C76-D3A6-47F4-8ABF-C048676BDC65}.Debug|x64.Build.0 = Debug|x64
		{0AD94C76-D3A6-47F4-8ABF-C048676BDC65}.Debug|x86.ActiveCfg = Debug|Win32
		{0AD94C76-D3A6-47F4-8ABF-C048676BDC65}.Debug|x86.Build.0 = Debug|Win32
		{0AD94C76-D3A6-47F4-8ABF-C048676BDC65}.Release|x64.ActiveCfg = Release|x64
		{0AD94C76-D3A6-47F4-8ABF-C048676BDC65}.Release|x64.Build.0 = Release|x64
		{0AD94C76-D3A6-47F4-8ABF-C048676BDC65}.Release|x86.ActiveCfg = Release|Win32
		{0AD94C76-D3A6-47F4-8ABF-C048676BDC65}.Release|x86.Build.0 = Release|Win32
		{EDDC446D-0787-4BCF-BE78-8675A3E2DD3E}.Debug|x64.ActiveCfg = Debug|x64
		{EDDC446D-0787-4BCF-BE78-8675A3E2DD3E}.Debug|x64.Build.0 = Debug|x64
		{EDDC446D-0787-4BCF-BE78-8675A3E2DD3E}.Debug|x86.ActiveCfg = Debug|Win32
		{EDDC446D-0787-4BCF-BE78-8675A3E2DD3E}.Debug|x86.Build.0 = Debug|Win32
		{EDDC446D-0787-4BCF-BE78-8675A3E2DD3E}.Release|x64.ActiveCfg = Release|x64
		{EDDC446D-0787-4BCF-BE78-8675A3E2DD3E}.Release|x64.Build.0 = Release|x64
		{EDDC446D-0787-4BCF-BE78-8675A3E2DD3E}.Release|x86.ActiveCfg = Release|Win32
		{EDDC446D-0787-4BCF-BE78-8675A3E2DD3E}.Release|x86.Build.0 = Release|Win32
	EndGlobalSection
	GlobalSection(SolutionProperties) = preSolution
		HideSolutionNode = FALSE
	EndGlobalSection
	GlobalSection(ExtensibilityGlobals) = postSolution
		SolutionGuid = {1E643D24-77F4-48FD-87A7-68026DA92C2A}
	EndGlobalSection
EndGlobal
