
Microsoft Visual Studio Solution File, Format Version 12.00
# Visual Studio Version 17
VisualStudioVersion = 17.11.35222.181
MinimumVisualStudioVersion = 10.0.40219.1
Project("{8BC9CEB8-8B4A-11D0-8D11-00A0C91BC942}") = "PR_1_1", "PR_1_1\PR_1_1.vcxproj", "{9B53A081-11DE-4CB2-BA03-90365D4B3371}"
EndProject
Project("{8BC9CEB8-8B4A-11D0-8D11-00A0C91BC942}") = "PR_1_2", "PR_1_2\PR_1_2.vcxproj", "{C0BBB042-E3DA-4FEE-A6AC-EE791F2AB0D7}"
EndProject
Project("{8BC9CEB8-8B4A-11D0-8D11-00A0C91BC942}") = "PR_2", "PR_2\PR_2.vcxproj", "{02E4390F-EE80-49A2-AC66-BF58A90BE2F9}"
EndProject
Project("{8BC9CEB8-8B4A-11D0-8D11-00A0C91BC942}") = "PR_3", "PR_3\PR_3.vcxproj", "{0B752B8D-A711-4DFE-9818-E06B06547D5B}"
EndProject
Project("{8BC9CEB8-8B4A-11D0-8D11-00A0C91BC942}") = "PR_4", "PR_4\PR_4.vcxproj", "{EA41890C-BC8F-4204-B364-059667DE204E}"
EndProject
Project("{8BC9CEB8-8B4A-11D0-8D11-00A0C91BC942}") = "PR_5_1", "PR_5_1\PR_5_1.vcxproj", "{C587F1FD-69D3-4098-8942-029348D94310}"
EndProject
Project("{8BC9CEB8-8B4A-11D0-8D11-00A0C91BC942}") = "PR_5_2", "PR_5_2\PR_5_2.vcxproj", "{B1B8201C-A007-436A-8BC8-F77B390C1DDB}"
EndProject
Project("{8BC9CEB8-8B4A-11D0-8D11-00A0C91BC942}") = "ex_1", "ex_1\ex_1.vcxproj", "{96FFF7BF-F3FD-458C-9D29-1294140329E9}"
EndProject
Project("{8BC9CEB8-8B4A-11D0-8D11-00A0C91BC942}") = "ex_2", "ex_2\ex_2.vcxproj", "{2E6F3122-6E39-44EA-955B-A04450F54A9D}"
EndProject
Project("{8BC9CEB8-8B4A-11D0-8D11-00A0C91BC942}") = "DOP_1_1", "DOP_1_1\DOP_1_1.vcxproj", "{D87C828D-B97F-42B4-A92A-2C2740DB7D1C}"
EndProject
Project("{8BC9CEB8-8B4A-11D0-8D11-00A0C91BC942}") = "DOP_2_4", "DOP_2_4\DOP_2_4.vcxproj", "{4D49F2C6-0F8A-4E68-83E7-99B23DFF480F}"
EndProject
Project("{8BC9CEB8-8B4A-11D0-8D11-00A0C91BC942}") = "Dop2_3", "Dop2_3\Dop2_3.vcxproj", "{FA953829-6F5F-4E28-8244-34940521BBE1}"
EndProject
Project("{8BC9CEB8-8B4A-11D0-8D11-00A0C91BC942}") = "ConsoleApplication1", "ConsoleApplication1\ConsoleApplication1.vcxproj", "{86E3FF31-ED3F-466B-9160-5542D82F8254}"
EndProject
Global
	GlobalSection(SolutionConfigurationPlatforms) = preSolution
		Debug|x64 = Debug|x64
		Debug|x86 = Debug|x86
		Release|x64 = Release|x64
		Release|x86 = Release|x86
	EndGlobalSection
	GlobalSection(ProjectConfigurationPlatforms) = postSolution
		{9B53A081-11DE-4CB2-BA03-90365D4B3371}.Debug|x64.ActiveCfg = Debug|x64
		{9B53A081-11DE-4CB2-BA03-90365D4B3371}.Debug|x64.Build.0 = Debug|x64
		{9B53A081-11DE-4CB2-BA03-90365D4B3371}.Debug|x86.ActiveCfg = Debug|Win32
		{9B53A081-11DE-4CB2-BA03-90365D4B3371}.Debug|x86.Build.0 = Debug|Win32
		{9B53A081-11DE-4CB2-BA03-90365D4B3371}.Release|x64.ActiveCfg = Release|x64
		{9B53A081-11DE-4CB2-BA03-90365D4B3371}.Release|x64.Build.0 = Release|x64
		{9B53A081-11DE-4CB2-BA03-90365D4B3371}.Release|x86.ActiveCfg = Release|Win32
		{9B53A081-11DE-4CB2-BA03-90365D4B3371}.Release|x86.Build.0 = Release|Win32
		{C0BBB042-E3DA-4FEE-A6AC-EE791F2AB0D7}.Debug|x64.ActiveCfg = Debug|x64
		{C0BBB042-E3DA-4FEE-A6AC-EE791F2AB0D7}.Debug|x64.Build.0 = Debug|x64
		{C0BBB042-E3DA-4FEE-A6AC-EE791F2AB0D7}.Debug|x86.ActiveCfg = Debug|Win32
		{C0BBB042-E3DA-4FEE-A6AC-EE791F2AB0D7}.Debug|x86.Build.0 = Debug|Win32
		{C0BBB042-E3DA-4FEE-A6AC-EE791F2AB0D7}.Release|x64.ActiveCfg = Release|x64
		{C0BBB042-E3DA-4FEE-A6AC-EE791F2AB0D7}.Release|x64.Build.0 = Release|x64
		{C0BBB042-E3DA-4FEE-A6AC-EE791F2AB0D7}.Release|x86.ActiveCfg = Release|Win32
		{C0BBB042-E3DA-4FEE-A6AC-EE791F2AB0D7}.Release|x86.Build.0 = Release|Win32
		{02E4390F-EE80-49A2-AC66-BF58A90BE2F9}.Debug|x64.ActiveCfg = Debug|x64
		{02E4390F-EE80-49A2-AC66-BF58A90BE2F9}.Debug|x64.Build.0 = Debug|x64
		{02E4390F-EE80-49A2-AC66-BF58A90BE2F9}.Debug|x86.ActiveCfg = Debug|Win32
		{02E4390F-EE80-49A2-AC66-BF58A90BE2F9}.Debug|x86.Build.0 = Debug|Win32
		{02E4390F-EE80-49A2-AC66-BF58A90BE2F9}.Release|x64.ActiveCfg = Release|x64
		{02E4390F-EE80-49A2-AC66-BF58A90BE2F9}.Release|x64.Build.0 = Release|x64
		{02E4390F-EE80-49A2-AC66-BF58A90BE2F9}.Release|x86.ActiveCfg = Release|Win32
		{02E4390F-EE80-49A2-AC66-BF58A90BE2F9}.Release|x86.Build.0 = Release|Win32
		{0B752B8D-A711-4DFE-9818-E06B06547D5B}.Debug|x64.ActiveCfg = Debug|x64
		{0B752B8D-A711-4DFE-9818-E06B06547D5B}.Debug|x64.Build.0 = Debug|x64
		{0B752B8D-A711-4DFE-9818-E06B06547D5B}.Debug|x86.ActiveCfg = Debug|Win32
		{0B752B8D-A711-4DFE-9818-E06B06547D5B}.Debug|x86.Build.0 = Debug|Win32
		{0B752B8D-A711-4DFE-9818-E06B06547D5B}.Release|x64.ActiveCfg = Release|x64
		{0B752B8D-A711-4DFE-9818-E06B06547D5B}.Release|x64.Build.0 = Release|x64
		{0B752B8D-A711-4DFE-9818-E06B06547D5B}.Release|x86.ActiveCfg = Release|Win32
		{0B752B8D-A711-4DFE-9818-E06B06547D5B}.Release|x86.Build.0 = Release|Win32
		{EA41890C-BC8F-4204-B364-059667DE204E}.Debug|x64.ActiveCfg = Debug|x64
		{EA41890C-BC8F-4204-B364-059667DE204E}.Debug|x64.Build.0 = Debug|x64
		{EA41890C-BC8F-4204-B364-059667DE204E}.Debug|x86.ActiveCfg = Debug|Win32
		{EA41890C-BC8F-4204-B364-059667DE204E}.Debug|x86.Build.0 = Debug|Win32
		{EA41890C-BC8F-4204-B364-059667DE204E}.Release|x64.ActiveCfg = Release|x64
		{EA41890C-BC8F-4204-B364-059667DE204E}.Release|x64.Build.0 = Release|x64
		{EA41890C-BC8F-4204-B364-059667DE204E}.Release|x86.ActiveCfg = Release|Win32
		{EA41890C-BC8F-4204-B364-059667DE204E}.Release|x86.Build.0 = Release|Win32
		{C587F1FD-69D3-4098-8942-029348D94310}.Debug|x64.ActiveCfg = Debug|x64
		{C587F1FD-69D3-4098-8942-029348D94310}.Debug|x64.Build.0 = Debug|x64
		{C587F1FD-69D3-4098-8942-029348D94310}.Debug|x86.ActiveCfg = Debug|Win32
		{C587F1FD-69D3-4098-8942-029348D94310}.Debug|x86.Build.0 = Debug|Win32
		{C587F1FD-69D3-4098-8942-029348D94310}.Release|x64.ActiveCfg = Release|x64
		{C587F1FD-69D3-4098-8942-029348D94310}.Release|x64.Build.0 = Release|x64
		{C587F1FD-69D3-4098-8942-029348D94310}.Release|x86.ActiveCfg = Release|Win32
		{C587F1FD-69D3-4098-8942-029348D94310}.Release|x86.Build.0 = Release|Win32
		{B1B8201C-A007-436A-8BC8-F77B390C1DDB}.Debug|x64.ActiveCfg = Debug|x64
		{B1B8201C-A007-436A-8BC8-F77B390C1DDB}.Debug|x64.Build.0 = Debug|x64
		{B1B8201C-A007-436A-8BC8-F77B390C1DDB}.Debug|x86.ActiveCfg = Debug|Win32
		{B1B8201C-A007-436A-8BC8-F77B390C1DDB}.Debug|x86.Build.0 = Debug|Win32
		{B1B8201C-A007-436A-8BC8-F77B390C1DDB}.Release|x64.ActiveCfg = Release|x64
		{B1B8201C-A007-436A-8BC8-F77B390C1DDB}.Release|x64.Build.0 = Release|x64
		{B1B8201C-A007-436A-8BC8-F77B390C1DDB}.Release|x86.ActiveCfg = Release|Win32
		{B1B8201C-A007-436A-8BC8-F77B390C1DDB}.Release|x86.Build.0 = Release|Win32
		{96FFF7BF-F3FD-458C-9D29-1294140329E9}.Debug|x64.ActiveCfg = Debug|x64
		{96FFF7BF-F3FD-458C-9D29-1294140329E9}.Debug|x64.Build.0 = Debug|x64
		{96FFF7BF-F3FD-458C-9D29-1294140329E9}.Debug|x86.ActiveCfg = Debug|Win32
		{96FFF7BF-F3FD-458C-9D29-1294140329E9}.Debug|x86.Build.0 = Debug|Win32
		{96FFF7BF-F3FD-458C-9D29-1294140329E9}.Release|x64.ActiveCfg = Release|x64
		{96FFF7BF-F3FD-458C-9D29-1294140329E9}.Release|x64.Build.0 = Release|x64
		{96FFF7BF-F3FD-458C-9D29-1294140329E9}.Release|x86.ActiveCfg = Release|Win32
		{96FFF7BF-F3FD-458C-9D29-1294140329E9}.Release|x86.Build.0 = Release|Win32
		{2E6F3122-6E39-44EA-955B-A04450F54A9D}.Debug|x64.ActiveCfg = Debug|x64
		{2E6F3122-6E39-44EA-955B-A04450F54A9D}.Debug|x64.Build.0 = Debug|x64
		{2E6F3122-6E39-44EA-955B-A04450F54A9D}.Debug|x86.ActiveCfg = Debug|Win32
		{2E6F3122-6E39-44EA-955B-A04450F54A9D}.Debug|x86.Build.0 = Debug|Win32
		{2E6F3122-6E39-44EA-955B-A04450F54A9D}.Release|x64.ActiveCfg = Release|x64
		{2E6F3122-6E39-44EA-955B-A04450F54A9D}.Release|x64.Build.0 = Release|x64
		{2E6F3122-6E39-44EA-955B-A04450F54A9D}.Release|x86.ActiveCfg = Release|Win32
		{2E6F3122-6E39-44EA-955B-A04450F54A9D}.Release|x86.Build.0 = Release|Win32
		{D87C828D-B97F-42B4-A92A-2C2740DB7D1C}.Debug|x64.ActiveCfg = Debug|x64
		{D87C828D-B97F-42B4-A92A-2C2740DB7D1C}.Debug|x64.Build.0 = Debug|x64
		{D87C828D-B97F-42B4-A92A-2C2740DB7D1C}.Debug|x86.ActiveCfg = Debug|Win32
		{D87C828D-B97F-42B4-A92A-2C2740DB7D1C}.Debug|x86.Build.0 = Debug|Win32
		{D87C828D-B97F-42B4-A92A-2C2740DB7D1C}.Release|x64.ActiveCfg = Release|x64
		{D87C828D-B97F-42B4-A92A-2C2740DB7D1C}.Release|x64.Build.0 = Release|x64
		{D87C828D-B97F-42B4-A92A-2C2740DB7D1C}.Release|x86.ActiveCfg = Release|Win32
		{D87C828D-B97F-42B4-A92A-2C2740DB7D1C}.Release|x86.Build.0 = Release|Win32
		{4D49F2C6-0F8A-4E68-83E7-99B23DFF480F}.Debug|x64.ActiveCfg = Debug|x64
		{4D49F2C6-0F8A-4E68-83E7-99B23DFF480F}.Debug|x64.Build.0 = Debug|x64
		{4D49F2C6-0F8A-4E68-83E7-99B23DFF480F}.Debug|x86.ActiveCfg = Debug|Win32
		{4D49F2C6-0F8A-4E68-83E7-99B23DFF480F}.Debug|x86.Build.0 = Debug|Win32
		{4D49F2C6-0F8A-4E68-83E7-99B23DFF480F}.Release|x64.ActiveCfg = Release|x64
		{4D49F2C6-0F8A-4E68-83E7-99B23DFF480F}.Release|x64.Build.0 = Release|x64
		{4D49F2C6-0F8A-4E68-83E7-99B23DFF480F}.Release|x86.ActiveCfg = Release|Win32
		{4D49F2C6-0F8A-4E68-83E7-99B23DFF480F}.Release|x86.Build.0 = Release|Win32
		{FA953829-6F5F-4E28-8244-34940521BBE1}.Debug|x64.ActiveCfg = Debug|x64
		{FA953829-6F5F-4E28-8244-34940521BBE1}.Debug|x64.Build.0 = Debug|x64
		{FA953829-6F5F-4E28-8244-34940521BBE1}.Debug|x86.ActiveCfg = Debug|Win32
		{FA953829-6F5F-4E28-8244-34940521BBE1}.Debug|x86.Build.0 = Debug|Win32
		{FA953829-6F5F-4E28-8244-34940521BBE1}.Release|x64.ActiveCfg = Release|x64
		{FA953829-6F5F-4E28-8244-34940521BBE1}.Release|x64.Build.0 = Release|x64
		{FA953829-6F5F-4E28-8244-34940521BBE1}.Release|x86.ActiveCfg = Release|Win32
		{FA953829-6F5F-4E28-8244-34940521BBE1}.Release|x86.Build.0 = Release|Win32
		{86E3FF31-ED3F-466B-9160-5542D82F8254}.Debug|x64.ActiveCfg = Debug|x64
		{86E3FF31-ED3F-466B-9160-5542D82F8254}.Debug|x64.Build.0 = Debug|x64
		{86E3FF31-ED3F-466B-9160-5542D82F8254}.Debug|x86.ActiveCfg = Debug|Win32
		{86E3FF31-ED3F-466B-9160-5542D82F8254}.Debug|x86.Build.0 = Debug|Win32
		{86E3FF31-ED3F-466B-9160-5542D82F8254}.Release|x64.ActiveCfg = Release|x64
		{86E3FF31-ED3F-466B-9160-5542D82F8254}.Release|x64.Build.0 = Release|x64
		{86E3FF31-ED3F-466B-9160-5542D82F8254}.Release|x86.ActiveCfg = Release|Win32
		{86E3FF31-ED3F-466B-9160-5542D82F8254}.Release|x86.Build.0 = Release|Win32
	EndGlobalSection
	GlobalSection(SolutionProperties) = preSolution
		HideSolutionNode = FALSE
	EndGlobalSection
	GlobalSection(ExtensibilityGlobals) = postSolution
		SolutionGuid = {FC58C248-1373-4636-852E-7DD26461F473}
	EndGlobalSection
EndGlobal
