
Microsoft Visual Studio Solution File, Format Version 12.00
# Visual Studio Version 17
VisualStudioVersion = 17.11.35222.181
MinimumVisualStudioVersion = 10.0.40219.1
Project("{8BC9CEB8-8B4A-11D0-8D11-00A0C91BC942}") = "pr_1", "pr_1\pr_1.vcxproj", "{134FE47D-78D5-4789-A513-EFC9B49ACC9B}"
EndProject
Project("{8BC9CEB8-8B4A-11D0-8D11-00A0C91BC942}") = "PR_1_2", "PR_1_2\PR_1_2.vcxproj", "{443C69B9-DF63-4817-ABD5-2BEC5CD3451A}"
EndProject
Project("{8BC9CEB8-8B4A-11D0-8D11-00A0C91BC942}") = "PR_2", "PR_2\PR_2.vcxproj", "{4BBC3657-8FBF-4307-B3F6-3DCC5F1341CD}"
EndProject
Project("{8BC9CEB8-8B4A-11D0-8D11-00A0C91BC942}") = "PR_2_2", "PR_2_2\PR_2_2.vcxproj", "{47B9B97D-6F0B-4E28-A22A-658BDBE9C783}"
EndProject
Project("{8BC9CEB8-8B4A-11D0-8D11-00A0C91BC942}") = "PR_3", "PR_3\PR_3.vcxproj", "{AE7A2A59-7219-42E6-A4A6-6EA853BF2DAC}"
EndProject
Project("{8BC9CEB8-8B4A-11D0-8D11-00A0C91BC942}") = "ex_1", "ex_1\ex_1.vcxproj", "{A4CA0976-1980-424C-AD2B-50160B696661}"
EndProject
Project("{8BC9CEB8-8B4A-11D0-8D11-00A0C91BC942}") = "ex_2", "ex_2\ex_2.vcxproj", "{FF0064AD-9824-4DD6-9422-47E9D0274AA9}"
EndProject
Project("{8BC9CEB8-8B4A-11D0-8D11-00A0C91BC942}") = "DOP_1_1", "DOP_1_1\DOP_1_1.vcxproj", "{AF086C86-B427-468E-9865-367DA73426A5}"
EndProject
Project("{8BC9CEB8-8B4A-11D0-8D11-00A0C91BC942}") = "DOP_2_2", "DOP_2_2\DOP_2_2.vcxproj", "{36A1DAAD-C6DD-482F-B521-4A3C7DC39E41}"
EndProject
Project("{8BC9CEB8-8B4A-11D0-8D11-00A0C91BC942}") = "DOP_3_3", "DOP_3_3\DOP_3_3.vcxproj", "{6E8B01C0-2D44-4ABA-A638-4EA767D32CA7}"
EndProject
Global
	GlobalSection(SolutionConfigurationPlatforms) = preSolution
		Debug|x64 = Debug|x64
		Debug|x86 = Debug|x86
		Release|x64 = Release|x64
		Release|x86 = Release|x86
	EndGlobalSection
	GlobalSection(ProjectConfigurationPlatforms) = postSolution
		{134FE47D-78D5-4789-A513-EFC9B49ACC9B}.Debug|x64.ActiveCfg = Debug|x64
		{134FE47D-78D5-4789-A513-EFC9B49ACC9B}.Debug|x64.Build.0 = Debug|x64
		{134FE47D-78D5-4789-A513-EFC9B49ACC9B}.Debug|x86.ActiveCfg = Debug|Win32
		{134FE47D-78D5-4789-A513-EFC9B49ACC9B}.Debug|x86.Build.0 = Debug|Win32
		{134FE47D-78D5-4789-A513-EFC9B49ACC9B}.Release|x64.ActiveCfg = Release|x64
		{134FE47D-78D5-4789-A513-EFC9B49ACC9B}.Release|x64.Build.0 = Release|x64
		{134FE47D-78D5-4789-A513-EFC9B49ACC9B}.Release|x86.ActiveCfg = Release|Win32
		{134FE47D-78D5-4789-A513-EFC9B49ACC9B}.Release|x86.Build.0 = Release|Win32
		{443C69B9-DF63-4817-ABD5-2BEC5CD3451A}.Debug|x64.ActiveCfg = Debug|x64
		{443C69B9-DF63-4817-ABD5-2BEC5CD3451A}.Debug|x64.Build.0 = Debug|x64
		{443C69B9-DF63-4817-ABD5-2BEC5CD3451A}.Debug|x86.ActiveCfg = Debug|Win32
		{443C69B9-DF63-4817-ABD5-2BEC5CD3451A}.Debug|x86.Build.0 = Debug|Win32
		{443C69B9-DF63-4817-ABD5-2BEC5CD3451A}.Release|x64.ActiveCfg = Release|x64
		{443C69B9-DF63-4817-ABD5-2BEC5CD3451A}.Release|x64.Build.0 = Release|x64
		{443C69B9-DF63-4817-ABD5-2BEC5CD3451A}.Release|x86.ActiveCfg = Release|Win32
		{443C69B9-DF63-4817-ABD5-2BEC5CD3451A}.Release|x86.Build.0 = Release|Win32
		{4BBC3657-8FBF-4307-B3F6-3DCC5F1341CD}.Debug|x64.ActiveCfg = Debug|x64
		{4BBC3657-8FBF-4307-B3F6-3DCC5F1341CD}.Debug|x64.Build.0 = Debug|x64
		{4BBC3657-8FBF-4307-B3F6-3DCC5F1341CD}.Debug|x86.ActiveCfg = Debug|Win32
		{4BBC3657-8FBF-4307-B3F6-3DCC5F1341CD}.Debug|x86.Build.0 = Debug|Win32
		{4BBC3657-8FBF-4307-B3F6-3DCC5F1341CD}.Release|x64.ActiveCfg = Release|x64
		{4BBC3657-8FBF-4307-B3F6-3DCC5F1341CD}.Release|x64.Build.0 = Release|x64
		{4BBC3657-8FBF-4307-B3F6-3DCC5F1341CD}.Release|x86.ActiveCfg = Release|Win32
		{4BBC3657-8FBF-4307-B3F6-3DCC5F1341CD}.Release|x86.Build.0 = Release|Win32
		{47B9B97D-6F0B-4E28-A22A-658BDBE9C783}.Debug|x64.ActiveCfg = Debug|x64
		{47B9B97D-6F0B-4E28-A22A-658BDBE9C783}.Debug|x64.Build.0 = Debug|x64
		{47B9B97D-6F0B-4E28-A22A-658BDBE9C783}.Debug|x86.ActiveCfg = Debug|Win32
		{47B9B97D-6F0B-4E28-A22A-658BDBE9C783}.Debug|x86.Build.0 = Debug|Win32
		{47B9B97D-6F0B-4E28-A22A-658BDBE9C783}.Release|x64.ActiveCfg = Release|x64
		{47B9B97D-6F0B-4E28-A22A-658BDBE9C783}.Release|x64.Build.0 = Release|x64
		{47B9B97D-6F0B-4E28-A22A-658BDBE9C783}.Release|x86.ActiveCfg = Release|Win32
		{47B9B97D-6F0B-4E28-A22A-658BDBE9C783}.Release|x86.Build.0 = Release|Win32
		{AE7A2A59-7219-42E6-A4A6-6EA853BF2DAC}.Debug|x64.ActiveCfg = Debug|x64
		{AE7A2A59-7219-42E6-A4A6-6EA853BF2DAC}.Debug|x64.Build.0 = Debug|x64
		{AE7A2A59-7219-42E6-A4A6-6EA853BF2DAC}.Debug|x86.ActiveCfg = Debug|Win32
		{AE7A2A59-7219-42E6-A4A6-6EA853BF2DAC}.Debug|x86.Build.0 = Debug|Win32
		{AE7A2A59-7219-42E6-A4A6-6EA853BF2DAC}.Release|x64.ActiveCfg = Release|x64
		{AE7A2A59-7219-42E6-A4A6-6EA853BF2DAC}.Release|x64.Build.0 = Release|x64
		{AE7A2A59-7219-42E6-A4A6-6EA853BF2DAC}.Release|x86.ActiveCfg = Release|Win32
		{AE7A2A59-7219-42E6-A4A6-6EA853BF2DAC}.Release|x86.Build.0 = Release|Win32
		{A4CA0976-1980-424C-AD2B-50160B696661}.Debug|x64.ActiveCfg = Debug|x64
		{A4CA0976-1980-424C-AD2B-50160B696661}.Debug|x64.Build.0 = Debug|x64
		{A4CA0976-1980-424C-AD2B-50160B696661}.Debug|x86.ActiveCfg = Debug|Win32
		{A4CA0976-1980-424C-AD2B-50160B696661}.Debug|x86.Build.0 = Debug|Win32
		{A4CA0976-1980-424C-AD2B-50160B696661}.Release|x64.ActiveCfg = Release|x64
		{A4CA0976-1980-424C-AD2B-50160B696661}.Release|x64.Build.0 = Release|x64
		{A4CA0976-1980-424C-AD2B-50160B696661}.Release|x86.ActiveCfg = Release|Win32
		{A4CA0976-1980-424C-AD2B-50160B696661}.Release|x86.Build.0 = Release|Win32
		{FF0064AD-9824-4DD6-9422-47E9D0274AA9}.Debug|x64.ActiveCfg = Debug|x64
		{FF0064AD-9824-4DD6-9422-47E9D0274AA9}.Debug|x64.Build.0 = Debug|x64
		{FF0064AD-9824-4DD6-9422-47E9D0274AA9}.Debug|x86.ActiveCfg = Debug|Win32
		{FF0064AD-9824-4DD6-9422-47E9D0274AA9}.Debug|x86.Build.0 = Debug|Win32
		{FF0064AD-9824-4DD6-9422-47E9D0274AA9}.Release|x64.ActiveCfg = Release|x64
		{FF0064AD-9824-4DD6-9422-47E9D0274AA9}.Release|x64.Build.0 = Release|x64
		{FF0064AD-9824-4DD6-9422-47E9D0274AA9}.Release|x86.ActiveCfg = Release|Win32
		{FF0064AD-9824-4DD6-9422-47E9D0274AA9}.Release|x86.Build.0 = Release|Win32
		{AF086C86-B427-468E-9865-367DA73426A5}.Debug|x64.ActiveCfg = Debug|x64
		{AF086C86-B427-468E-9865-367DA73426A5}.Debug|x64.Build.0 = Debug|x64
		{AF086C86-B427-468E-9865-367DA73426A5}.Debug|x86.ActiveCfg = Debug|Win32
		{AF086C86-B427-468E-9865-367DA73426A5}.Debug|x86.Build.0 = Debug|Win32
		{AF086C86-B427-468E-9865-367DA73426A5}.Release|x64.ActiveCfg = Release|x64
		{AF086C86-B427-468E-9865-367DA73426A5}.Release|x64.Build.0 = Release|x64
		{AF086C86-B427-468E-9865-367DA73426A5}.Release|x86.ActiveCfg = Release|Win32
		{AF086C86-B427-468E-9865-367DA73426A5}.Release|x86.Build.0 = Release|Win32
		{36A1DAAD-C6DD-482F-B521-4A3C7DC39E41}.Debug|x64.ActiveCfg = Debug|x64
		{36A1DAAD-C6DD-482F-B521-4A3C7DC39E41}.Debug|x64.Build.0 = Debug|x64
		{36A1DAAD-C6DD-482F-B521-4A3C7DC39E41}.Debug|x86.ActiveCfg = Debug|Win32
		{36A1DAAD-C6DD-482F-B521-4A3C7DC39E41}.Debug|x86.Build.0 = Debug|Win32
		{36A1DAAD-C6DD-482F-B521-4A3C7DC39E41}.Release|x64.ActiveCfg = Release|x64
		{36A1DAAD-C6DD-482F-B521-4A3C7DC39E41}.Release|x64.Build.0 = Release|x64
		{36A1DAAD-C6DD-482F-B521-4A3C7DC39E41}.Release|x86.ActiveCfg = Release|Win32
		{36A1DAAD-C6DD-482F-B521-4A3C7DC39E41}.Release|x86.Build.0 = Release|Win32
		{6E8B01C0-2D44-4ABA-A638-4EA767D32CA7}.Debug|x64.ActiveCfg = Debug|x64
		{6E8B01C0-2D44-4ABA-A638-4EA767D32CA7}.Debug|x64.Build.0 = Debug|x64
		{6E8B01C0-2D44-4ABA-A638-4EA767D32CA7}.Debug|x86.ActiveCfg = Debug|Win32
		{6E8B01C0-2D44-4ABA-A638-4EA767D32CA7}.Debug|x86.Build.0 = Debug|Win32
		{6E8B01C0-2D44-4ABA-A638-4EA767D32CA7}.Release|x64.ActiveCfg = Release|x64
		{6E8B01C0-2D44-4ABA-A638-4EA767D32CA7}.Release|x64.Build.0 = Release|x64
		{6E8B01C0-2D44-4ABA-A638-4EA767D32CA7}.Release|x86.ActiveCfg = Release|Win32
		{6E8B01C0-2D44-4ABA-A638-4EA767D32CA7}.Release|x86.Build.0 = Release|Win32
	EndGlobalSection
	GlobalSection(SolutionProperties) = preSolution
		HideSolutionNode = FALSE
	EndGlobalSection
	GlobalSection(ExtensibilityGlobals) = postSolution
		SolutionGuid = {2139BF31-EF8F-4EB7-9E4C-8FBF8D569196}
	EndGlobalSection
EndGlobal
