
Microsoft Visual Studio Solution File, Format Version 12.00
# Visual Studio Version 17
VisualStudioVersion = 17.11.35222.181
MinimumVisualStudioVersion = 10.0.40219.1
Project("{8BC9CEB8-8B4A-11D0-8D11-00A0C91BC942}") = "Lab_05", "Lab_05.vcxproj", "{F1B57AAF-6493-4C31-BA7A-072C0EEB42F5}"
EndProject
Project("{8BC9CEB8-8B4A-11D0-8D11-00A0C91BC942}") = "V3_2", "V3_2\V3_2.vcxproj", "{3FBBCF7B-1B92-48E3-BFE2-975F0D1FAAE3}"
EndProject
Project("{8BC9CEB8-8B4A-11D0-8D11-00A0C91BC942}") = "V5_1", "V5_1\V5_1.vcxproj", "{FF7E78B5-4776-4B13-A0C3-B59C8FDA1897}"
EndProject
Project("{8BC9CEB8-8B4A-11D0-8D11-00A0C91BC942}") = "V9_1", "V9_1\V9_1.vcxproj", "{74EE16D4-D6BD-4165-BCDC-DD0931AF7B63}"
EndProject
Project("{8BC9CEB8-8B4A-11D0-8D11-00A0C91BC942}") = "V9_2", "V9_2\V9_2.vcxproj", "{85B412DD-254D-4637-94E5-2E41D5173613}"
EndProject
Project("{8BC9CEB8-8B4A-11D0-8D11-00A0C91BC942}") = "V7_1", "V7_1\V7_1.vcxproj", "{20348843-497F-4900-8196-DB217DCD6E91}"
EndProject
Global
	GlobalSection(SolutionConfigurationPlatforms) = preSolution
		Debug|x64 = Debug|x64
		Debug|x86 = Debug|x86
		Release|x64 = Release|x64
		Release|x86 = Release|x86
	EndGlobalSection
	GlobalSection(ProjectConfigurationPlatforms) = postSolution
		{F1B57AAF-6493-4C31-BA7A-072C0EEB42F5}.Debug|x64.ActiveCfg = Debug|x64
		{F1B57AAF-6493-4C31-BA7A-072C0EEB42F5}.Debug|x64.Build.0 = Debug|x64
		{F1B57AAF-6493-4C31-BA7A-072C0EEB42F5}.Debug|x86.ActiveCfg = Debug|Win32
		{F1B57AAF-6493-4C31-BA7A-072C0EEB42F5}.Debug|x86.Build.0 = Debug|Win32
		{F1B57AAF-6493-4C31-BA7A-072C0EEB42F5}.Release|x64.ActiveCfg = Release|x64
		{F1B57AAF-6493-4C31-BA7A-072C0EEB42F5}.Release|x64.Build.0 = Release|x64
		{F1B57AAF-6493-4C31-BA7A-072C0EEB42F5}.Release|x86.ActiveCfg = Release|Win32
		{F1B57AAF-6493-4C31-BA7A-072C0EEB42F5}.Release|x86.Build.0 = Release|Win32
		{3FBBCF7B-1B92-48E3-BFE2-975F0D1FAAE3}.Debug|x64.ActiveCfg = Debug|x64
		{3FBBCF7B-1B92-48E3-BFE2-975F0D1FAAE3}.Debug|x64.Build.0 = Debug|x64
		{3FBBCF7B-1B92-48E3-BFE2-975F0D1FAAE3}.Debug|x86.ActiveCfg = Debug|Win32
		{3FBBCF7B-1B92-48E3-BFE2-975F0D1FAAE3}.Debug|x86.Build.0 = Debug|Win32
		{3FBBCF7B-1B92-48E3-BFE2-975F0D1FAAE3}.Release|x64.ActiveCfg = Release|x64
		{3FBBCF7B-1B92-48E3-BFE2-975F0D1FAAE3}.Release|x64.Build.0 = Release|x64
		{3FBBCF7B-1B92-48E3-BFE2-975F0D1FAAE3}.Release|x86.ActiveCfg = Release|Win32
		{3FBBCF7B-1B92-48E3-BFE2-975F0D1FAAE3}.Release|x86.Build.0 = Release|Win32
		{FF7E78B5-4776-4B13-A0C3-B59C8FDA1897}.Debug|x64.ActiveCfg = Debug|x64
		{FF7E78B5-4776-4B13-A0C3-B59C8FDA1897}.Debug|x64.Build.0 = Debug|x64
		{FF7E78B5-4776-4B13-A0C3-B59C8FDA1897}.Debug|x86.ActiveCfg = Debug|Win32
		{FF7E78B5-4776-4B13-A0C3-B59C8FDA1897}.Debug|x86.Build.0 = Debug|Win32
		{FF7E78B5-4776-4B13-A0C3-B59C8FDA1897}.Release|x64.ActiveCfg = Release|x64
		{FF7E78B5-4776-4B13-A0C3-B59C8FDA1897}.Release|x64.Build.0 = Release|x64
		{FF7E78B5-4776-4B13-A0C3-B59C8FDA1897}.Release|x86.ActiveCfg = Release|Win32
		{FF7E78B5-4776-4B13-A0C3-B59C8FDA1897}.Release|x86.Build.0 = Release|Win32
		{74EE16D4-D6BD-4165-BCDC-DD0931AF7B63}.Debug|x64.ActiveCfg = Debug|x64
		{74EE16D4-D6BD-4165-BCDC-DD0931AF7B63}.Debug|x64.Build.0 = Debug|x64
		{74EE16D4-D6BD-4165-BCDC-DD0931AF7B63}.Debug|x86.ActiveCfg = Debug|Win32
		{74EE16D4-D6BD-4165-BCDC-DD0931AF7B63}.Debug|x86.Build.0 = Debug|Win32
		{74EE16D4-D6BD-4165-BCDC-DD0931AF7B63}.Release|x64.ActiveCfg = Release|x64
		{74EE16D4-D6BD-4165-BCDC-DD0931AF7B63}.Release|x64.Build.0 = Release|x64
		{74EE16D4-D6BD-4165-BCDC-DD0931AF7B63}.Release|x86.ActiveCfg = Release|Win32
		{74EE16D4-D6BD-4165-BCDC-DD0931AF7B63}.Release|x86.Build.0 = Release|Win32
		{85B412DD-254D-4637-94E5-2E41D5173613}.Debug|x64.ActiveCfg = Debug|x64
		{85B412DD-254D-4637-94E5-2E41D5173613}.Debug|x64.Build.0 = Debug|x64
		{85B412DD-254D-4637-94E5-2E41D5173613}.Debug|x86.ActiveCfg = Debug|Win32
		{85B412DD-254D-4637-94E5-2E41D5173613}.Debug|x86.Build.0 = Debug|Win32
		{85B412DD-254D-4637-94E5-2E41D5173613}.Release|x64.ActiveCfg = Release|x64
		{85B412DD-254D-4637-94E5-2E41D5173613}.Release|x64.Build.0 = Release|x64
		{85B412DD-254D-4637-94E5-2E41D5173613}.Release|x86.ActiveCfg = Release|Win32
		{85B412DD-254D-4637-94E5-2E41D5173613}.Release|x86.Build.0 = Release|Win32
		{20348843-497F-4900-8196-DB217DCD6E91}.Debug|x64.ActiveCfg = Debug|x64
		{20348843-497F-4900-8196-DB217DCD6E91}.Debug|x64.Build.0 = Debug|x64
		{20348843-497F-4900-8196-DB217DCD6E91}.Debug|x86.ActiveCfg = Debug|Win32
		{20348843-497F-4900-8196-DB217DCD6E91}.Debug|x86.Build.0 = Debug|Win32
		{20348843-497F-4900-8196-DB217DCD6E91}.Release|x64.ActiveCfg = Release|x64
		{20348843-497F-4900-8196-DB217DCD6E91}.Release|x64.Build.0 = Release|x64
		{20348843-497F-4900-8196-DB217DCD6E91}.Release|x86.ActiveCfg = Release|Win32
		{20348843-497F-4900-8196-DB217DCD6E91}.Release|x86.Build.0 = Release|Win32
	EndGlobalSection
	GlobalSection(SolutionProperties) = preSolution
		HideSolutionNode = FALSE
	EndGlobalSection
	GlobalSection(ExtensibilityGlobals) = postSolution
		SolutionGuid = {BFB418A2-6680-4508-9D55-947B0A8652D2}
	EndGlobalSection
EndGlobal
