
Microsoft Visual Studio Solution File, Format Version 12.00
# Visual Studio Version 17
VisualStudioVersion = 17.11.35222.181
MinimumVisualStudioVersion = 10.0.40219.1
Project("{8BC9CEB8-8B4A-11D0-8D11-00A0C91BC942}") = "ex1_1", "..\..\..\..\source\repos\LAB_12\ex1_1\ex1_1.vcxproj", "{F9CA0C9E-2F7B-44AB-A610-9D96D9198F6C}"
EndProject
Project("{8BC9CEB8-8B4A-11D0-8D11-00A0C91BC942}") = "EX1_2", "EX1_2\EX1_2.vcxproj", "{8FA16383-948C-4733-8B51-C753DED66C4F}"
EndProject
Project("{8BC9CEB8-8B4A-11D0-8D11-00A0C91BC942}") = "ex2_1", "ex2\ex2.vcxproj", "{B0ABEC05-40E9-4EAE-9634-5682A53ED9AE}"
EndProject
Project("{8BC9CEB8-8B4A-11D0-8D11-00A0C91BC942}") = "ex2_2", "ex2_2\ex2_2.vcxproj", "{99814518-D8ED-48EA-B65A-3BCD21C9884B}"
EndProject
Project("{8BC9CEB8-8B4A-11D0-8D11-00A0C91BC942}") = "ex2_3", "ex2_3\ex2_3.vcxproj", "{677F2988-0076-4D75-B0FF-BD1275712A7D}"
EndProject
Project("{8BC9CEB8-8B4A-11D0-8D11-00A0C91BC942}") = "ex2_4", "ex2_4\ex2_4.vcxproj", "{927336C8-F873-48C2-89E9-DFEEF57BDE0B}"
EndProject
Project("{8BC9CEB8-8B4A-11D0-8D11-00A0C91BC942}") = "ex2_5", "ex2_5\ex2_5.vcxproj", "{8C62BFC6-D92A-4E6D-A6E5-7553FF3B0C13}"
EndProject
Project("{8BC9CEB8-8B4A-11D0-8D11-00A0C91BC942}") = "ex3", "ex3\ex3.vcxproj", "{C3C6AB4C-BC31-4C29-8AAD-882ADD264842}"
EndProject
Project("{8BC9CEB8-8B4A-11D0-8D11-00A0C91BC942}") = "ex4_1", "ex4_1\ex4_1.vcxproj", "{BD5A6E7F-0A3B-4945-9F7A-570E2F49CFA2}"
EndProject
Project("{8BC9CEB8-8B4A-11D0-8D11-00A0C91BC942}") = "ex4_2", "ex4_2\ex4_2.vcxproj", "{AA878E50-623B-44B0-85BC-9C37654A2124}"
EndProject
Project("{8BC9CEB8-8B4A-11D0-8D11-00A0C91BC942}") = "V3_1", "V3_1\V3_1.vcxproj", "{11DC0401-4629-4E25-8767-8A4289BBE208}"
EndProject
Project("{8BC9CEB8-8B4A-11D0-8D11-00A0C91BC942}") = "V3_2", "V3_2\V3_2.vcxproj", "{ACBE98BA-B043-464A-A79E-DB48CB42E38C}"
EndProject
Global
	GlobalSection(SolutionConfigurationPlatforms) = preSolution
		Debug|x64 = Debug|x64
		Debug|x86 = Debug|x86
		Release|x64 = Release|x64
		Release|x86 = Release|x86
	EndGlobalSection
	GlobalSection(ProjectConfigurationPlatforms) = postSolution
		{F9CA0C9E-2F7B-44AB-A610-9D96D9198F6C}.Debug|x64.ActiveCfg = Debug|x64
		{F9CA0C9E-2F7B-44AB-A610-9D96D9198F6C}.Debug|x64.Build.0 = Debug|x64
		{F9CA0C9E-2F7B-44AB-A610-9D96D9198F6C}.Debug|x86.ActiveCfg = Debug|Win32
		{F9CA0C9E-2F7B-44AB-A610-9D96D9198F6C}.Debug|x86.Build.0 = Debug|Win32
		{F9CA0C9E-2F7B-44AB-A610-9D96D9198F6C}.Release|x64.ActiveCfg = Release|x64
		{F9CA0C9E-2F7B-44AB-A610-9D96D9198F6C}.Release|x64.Build.0 = Release|x64
		{F9CA0C9E-2F7B-44AB-A610-9D96D9198F6C}.Release|x86.ActiveCfg = Release|Win32
		{F9CA0C9E-2F7B-44AB-A610-9D96D9198F6C}.Release|x86.Build.0 = Release|Win32
		{8FA16383-948C-4733-8B51-C753DED66C4F}.Debug|x64.ActiveCfg = Debug|x64
		{8FA16383-948C-4733-8B51-C753DED66C4F}.Debug|x64.Build.0 = Debug|x64
		{8FA16383-948C-4733-8B51-C753DED66C4F}.Debug|x86.ActiveCfg = Debug|Win32
		{8FA16383-948C-4733-8B51-C753DED66C4F}.Debug|x86.Build.0 = Debug|Win32
		{8FA16383-948C-4733-8B51-C753DED66C4F}.Release|x64.ActiveCfg = Release|x64
		{8FA16383-948C-4733-8B51-C753DED66C4F}.Release|x64.Build.0 = Release|x64
		{8FA16383-948C-4733-8B51-C753DED66C4F}.Release|x86.ActiveCfg = Release|Win32
		{8FA16383-948C-4733-8B51-C753DED66C4F}.Release|x86.Build.0 = Release|Win32
		{B0ABEC05-40E9-4EAE-9634-5682A53ED9AE}.Debug|x64.ActiveCfg = Debug|x64
		{B0ABEC05-40E9-4EAE-9634-5682A53ED9AE}.Debug|x64.Build.0 = Debug|x64
		{B0ABEC05-40E9-4EAE-9634-5682A53ED9AE}.Debug|x86.ActiveCfg = Debug|Win32
		{B0ABEC05-40E9-4EAE-9634-5682A53ED9AE}.Debug|x86.Build.0 = Debug|Win32
		{B0ABEC05-40E9-4EAE-9634-5682A53ED9AE}.Release|x64.ActiveCfg = Release|x64
		{B0ABEC05-40E9-4EAE-9634-5682A53ED9AE}.Release|x64.Build.0 = Release|x64
		{B0ABEC05-40E9-4EAE-9634-5682A53ED9AE}.Release|x86.ActiveCfg = Release|Win32
		{B0ABEC05-40E9-4EAE-9634-5682A53ED9AE}.Release|x86.Build.0 = Release|Win32
		{99814518-D8ED-48EA-B65A-3BCD21C9884B}.Debug|x64.ActiveCfg = Debug|x64
		{99814518-D8ED-48EA-B65A-3BCD21C9884B}.Debug|x64.Build.0 = Debug|x64
		{99814518-D8ED-48EA-B65A-3BCD21C9884B}.Debug|x86.ActiveCfg = Debug|Win32
		{99814518-D8ED-48EA-B65A-3BCD21C9884B}.Debug|x86.Build.0 = Debug|Win32
		{99814518-D8ED-48EA-B65A-3BCD21C9884B}.Release|x64.ActiveCfg = Release|x64
		{99814518-D8ED-48EA-B65A-3BCD21C9884B}.Release|x64.Build.0 = Release|x64
		{99814518-D8ED-48EA-B65A-3BCD21C9884B}.Release|x86.ActiveCfg = Release|Win32
		{99814518-D8ED-48EA-B65A-3BCD21C9884B}.Release|x86.Build.0 = Release|Win32
		{677F2988-0076-4D75-B0FF-BD1275712A7D}.Debug|x64.ActiveCfg = Debug|x64
		{677F2988-0076-4D75-B0FF-BD1275712A7D}.Debug|x64.Build.0 = Debug|x64
		{677F2988-0076-4D75-B0FF-BD1275712A7D}.Debug|x86.ActiveCfg = Debug|Win32
		{677F2988-0076-4D75-B0FF-BD1275712A7D}.Debug|x86.Build.0 = Debug|Win32
		{677F2988-0076-4D75-B0FF-BD1275712A7D}.Release|x64.ActiveCfg = Release|x64
		{677F2988-0076-4D75-B0FF-BD1275712A7D}.Release|x64.Build.0 = Release|x64
		{677F2988-0076-4D75-B0FF-BD1275712A7D}.Release|x86.ActiveCfg = Release|Win32
		{677F2988-0076-4D75-B0FF-BD1275712A7D}.Release|x86.Build.0 = Release|Win32
		{927336C8-F873-48C2-89E9-DFEEF57BDE0B}.Debug|x64.ActiveCfg = Debug|x64
		{927336C8-F873-48C2-89E9-DFEEF57BDE0B}.Debug|x64.Build.0 = Debug|x64
		{927336C8-F873-48C2-89E9-DFEEF57BDE0B}.Debug|x86.ActiveCfg = Debug|Win32
		{927336C8-F873-48C2-89E9-DFEEF57BDE0B}.Debug|x86.Build.0 = Debug|Win32
		{927336C8-F873-48C2-89E9-DFEEF57BDE0B}.Release|x64.ActiveCfg = Release|x64
		{927336C8-F873-48C2-89E9-DFEEF57BDE0B}.Release|x64.Build.0 = Release|x64
		{927336C8-F873-48C2-89E9-DFEEF57BDE0B}.Release|x86.ActiveCfg = Release|Win32
		{927336C8-F873-48C2-89E9-DFEEF57BDE0B}.Release|x86.Build.0 = Release|Win32
		{8C62BFC6-D92A-4E6D-A6E5-7553FF3B0C13}.Debug|x64.ActiveCfg = Debug|x64
		{8C62BFC6-D92A-4E6D-A6E5-7553FF3B0C13}.Debug|x64.Build.0 = Debug|x64
		{8C62BFC6-D92A-4E6D-A6E5-7553FF3B0C13}.Debug|x86.ActiveCfg = Debug|Win32
		{8C62BFC6-D92A-4E6D-A6E5-7553FF3B0C13}.Debug|x86.Build.0 = Debug|Win32
		{8C62BFC6-D92A-4E6D-A6E5-7553FF3B0C13}.Release|x64.ActiveCfg = Release|x64
		{8C62BFC6-D92A-4E6D-A6E5-7553FF3B0C13}.Release|x64.Build.0 = Release|x64
		{8C62BFC6-D92A-4E6D-A6E5-7553FF3B0C13}.Release|x86.ActiveCfg = Release|Win32
		{8C62BFC6-D92A-4E6D-A6E5-7553FF3B0C13}.Release|x86.Build.0 = Release|Win32
		{C3C6AB4C-BC31-4C29-8AAD-882ADD264842}.Debug|x64.ActiveCfg = Debug|x64
		{C3C6AB4C-BC31-4C29-8AAD-882ADD264842}.Debug|x64.Build.0 = Debug|x64
		{C3C6AB4C-BC31-4C29-8AAD-882ADD264842}.Debug|x86.ActiveCfg = Debug|Win32
		{C3C6AB4C-BC31-4C29-8AAD-882ADD264842}.Debug|x86.Build.0 = Debug|Win32
		{C3C6AB4C-BC31-4C29-8AAD-882ADD264842}.Release|x64.ActiveCfg = Release|x64
		{C3C6AB4C-BC31-4C29-8AAD-882ADD264842}.Release|x64.Build.0 = Release|x64
		{C3C6AB4C-BC31-4C29-8AAD-882ADD264842}.Release|x86.ActiveCfg = Release|Win32
		{C3C6AB4C-BC31-4C29-8AAD-882ADD264842}.Release|x86.Build.0 = Release|Win32
		{BD5A6E7F-0A3B-4945-9F7A-570E2F49CFA2}.Debug|x64.ActiveCfg = Debug|x64
		{BD5A6E7F-0A3B-4945-9F7A-570E2F49CFA2}.Debug|x64.Build.0 = Debug|x64
		{BD5A6E7F-0A3B-4945-9F7A-570E2F49CFA2}.Debug|x86.ActiveCfg = Debug|Win32
		{BD5A6E7F-0A3B-4945-9F7A-570E2F49CFA2}.Debug|x86.Build.0 = Debug|Win32
		{BD5A6E7F-0A3B-4945-9F7A-570E2F49CFA2}.Release|x64.ActiveCfg = Release|x64
		{BD5A6E7F-0A3B-4945-9F7A-570E2F49CFA2}.Release|x64.Build.0 = Release|x64
		{BD5A6E7F-0A3B-4945-9F7A-570E2F49CFA2}.Release|x86.ActiveCfg = Release|Win32
		{BD5A6E7F-0A3B-4945-9F7A-570E2F49CFA2}.Release|x86.Build.0 = Release|Win32
		{AA878E50-623B-44B0-85BC-9C37654A2124}.Debug|x64.ActiveCfg = Debug|x64
		{AA878E50-623B-44B0-85BC-9C37654A2124}.Debug|x64.Build.0 = Debug|x64
		{AA878E50-623B-44B0-85BC-9C37654A2124}.Debug|x86.ActiveCfg = Debug|Win32
		{AA878E50-623B-44B0-85BC-9C37654A2124}.Debug|x86.Build.0 = Debug|Win32
		{AA878E50-623B-44B0-85BC-9C37654A2124}.Release|x64.ActiveCfg = Release|x64
		{AA878E50-623B-44B0-85BC-9C37654A2124}.Release|x64.Build.0 = Release|x64
		{AA878E50-623B-44B0-85BC-9C37654A2124}.Release|x86.ActiveCfg = Release|Win32
		{AA878E50-623B-44B0-85BC-9C37654A2124}.Release|x86.Build.0 = Release|Win32
		{11DC0401-4629-4E25-8767-8A4289BBE208}.Debug|x64.ActiveCfg = Debug|x64
		{11DC0401-4629-4E25-8767-8A4289BBE208}.Debug|x64.Build.0 = Debug|x64
		{11DC0401-4629-4E25-8767-8A4289BBE208}.Debug|x86.ActiveCfg = Debug|Win32
		{11DC0401-4629-4E25-8767-8A4289BBE208}.Debug|x86.Build.0 = Debug|Win32
		{11DC0401-4629-4E25-8767-8A4289BBE208}.Release|x64.ActiveCfg = Release|x64
		{11DC0401-4629-4E25-8767-8A4289BBE208}.Release|x64.Build.0 = Release|x64
		{11DC0401-4629-4E25-8767-8A4289BBE208}.Release|x86.ActiveCfg = Release|Win32
		{11DC0401-4629-4E25-8767-8A4289BBE208}.Release|x86.Build.0 = Release|Win32
		{ACBE98BA-B043-464A-A79E-DB48CB42E38C}.Debug|x64.ActiveCfg = Debug|x64
		{ACBE98BA-B043-464A-A79E-DB48CB42E38C}.Debug|x64.Build.0 = Debug|x64
		{ACBE98BA-B043-464A-A79E-DB48CB42E38C}.Debug|x86.ActiveCfg = Debug|Win32
		{ACBE98BA-B043-464A-A79E-DB48CB42E38C}.Debug|x86.Build.0 = Debug|Win32
		{ACBE98BA-B043-464A-A79E-DB48CB42E38C}.Release|x64.ActiveCfg = Release|x64
		{ACBE98BA-B043-464A-A79E-DB48CB42E38C}.Release|x64.Build.0 = Release|x64
		{ACBE98BA-B043-464A-A79E-DB48CB42E38C}.Release|x86.ActiveCfg = Release|Win32
		{ACBE98BA-B043-464A-A79E-DB48CB42E38C}.Release|x86.Build.0 = Release|Win32
	EndGlobalSection
	GlobalSection(SolutionProperties) = preSolution
		HideSolutionNode = FALSE
	EndGlobalSection
	GlobalSection(ExtensibilityGlobals) = postSolution
		SolutionGuid = {BAB48D61-D40C-4D26-B6EC-8FA69800DE03}
	EndGlobalSection
EndGlobal
