
Microsoft Visual Studio Solution File, Format Version 12.00
# Visual Studio Version 17
VisualStudioVersion = 17.11.35222.181
MinimumVisualStudioVersion = 10.0.40219.1
Project("{8BC9CEB8-8B4A-11D0-8D11-00A0C91BC942}") = "Lab_4", "Lab_4\Lab_4.vcxproj", "{C719F83E-0A59-43E8-AE7A-4B04C77530FF}"
EndProject
Project("{8BC9CEB8-8B4A-11D0-8D11-00A0C91BC942}") = "Pr2", "Pr2\Pr2.vcxproj", "{4A6B6CB6-6D98-4F34-ABF9-05ABB032FC4C}"
EndProject
Project("{8BC9CEB8-8B4A-11D0-8D11-00A0C91BC942}") = "Pr3", "з_1\з_1.vcxproj", "{64EE3A1E-52EA-45D7-949D-DB5FBABD9777}"
EndProject
Project("{8BC9CEB8-8B4A-11D0-8D11-00A0C91BC942}") = "Pr4", "Pr4\Pr4.vcxproj", "{F6B13CF3-F5EF-4CC7-B4B5-86CA8BE758DC}"
EndProject
Project("{8BC9CEB8-8B4A-11D0-8D11-00A0C91BC942}") = "V3_1", "V3_1\V3_1.vcxproj", "{037C93E3-2493-444A-9576-B6E0B3459ADE}"
EndProject
Project("{8BC9CEB8-8B4A-11D0-8D11-00A0C91BC942}") = "V3_2", "V3_2\V3_2.vcxproj", "{A47DBC36-AF77-4EB3-80EA-A89E85FF86D2}"
EndProject
Project("{8BC9CEB8-8B4A-11D0-8D11-00A0C91BC942}") = "dop_v2", "dop_v2\dop_v2.vcxproj", "{940B0900-DF0F-4BCC-AD42-AE7AF9B4E658}"
EndProject
Project("{8BC9CEB8-8B4A-11D0-8D11-00A0C91BC942}") = "dop_v2_2", "dop_v4\dop_v4.vcxproj", "{E9CED63E-D824-404F-80E9-A0D30C93E631}"
EndProject
Project("{8BC9CEB8-8B4A-11D0-8D11-00A0C91BC942}") = "dop_v4_1", "dop_v4_1\dop_v4_1.vcxproj", "{0EA5C4E8-7D51-4ECC-9A10-8D905448CC12}"
EndProject
Project("{8BC9CEB8-8B4A-11D0-8D11-00A0C91BC942}") = "dop_V4_2", "dop_V4_2\dop_V4_2.vcxproj", "{E9A719F4-BC8E-4A94-8CFA-2D68F1295C8F}"
EndProject
Project("{8BC9CEB8-8B4A-11D0-8D11-00A0C91BC942}") = "dop_v7_1", "dop_v7_1\dop_v7_1.vcxproj", "{9A3949F8-CB7F-4AF7-9162-6BACBCFED8D6}"
EndProject
Project("{8BC9CEB8-8B4A-11D0-8D11-00A0C91BC942}") = "dop_V7_2", "dop_V7_2\dop_V7_2.vcxproj", "{9BB7E7E0-AF62-42CA-B466-D31DFF63A45D}"
EndProject
Global
	GlobalSection(SolutionConfigurationPlatforms) = preSolution
		Debug|x64 = Debug|x64
		Debug|x86 = Debug|x86
		Release|x64 = Release|x64
		Release|x86 = Release|x86
	EndGlobalSection
	GlobalSection(ProjectConfigurationPlatforms) = postSolution
		{C719F83E-0A59-43E8-AE7A-4B04C77530FF}.Debug|x64.ActiveCfg = Debug|x64
		{C719F83E-0A59-43E8-AE7A-4B04C77530FF}.Debug|x64.Build.0 = Debug|x64
		{C719F83E-0A59-43E8-AE7A-4B04C77530FF}.Debug|x86.ActiveCfg = Debug|Win32
		{C719F83E-0A59-43E8-AE7A-4B04C77530FF}.Debug|x86.Build.0 = Debug|Win32
		{C719F83E-0A59-43E8-AE7A-4B04C77530FF}.Release|x64.ActiveCfg = Release|x64
		{C719F83E-0A59-43E8-AE7A-4B04C77530FF}.Release|x64.Build.0 = Release|x64
		{C719F83E-0A59-43E8-AE7A-4B04C77530FF}.Release|x86.ActiveCfg = Release|Win32
		{C719F83E-0A59-43E8-AE7A-4B04C77530FF}.Release|x86.Build.0 = Release|Win32
		{4A6B6CB6-6D98-4F34-ABF9-05ABB032FC4C}.Debug|x64.ActiveCfg = Debug|x64
		{4A6B6CB6-6D98-4F34-ABF9-05ABB032FC4C}.Debug|x64.Build.0 = Debug|x64
		{4A6B6CB6-6D98-4F34-ABF9-05ABB032FC4C}.Debug|x86.ActiveCfg = Debug|Win32
		{4A6B6CB6-6D98-4F34-ABF9-05ABB032FC4C}.Debug|x86.Build.0 = Debug|Win32
		{4A6B6CB6-6D98-4F34-ABF9-05ABB032FC4C}.Release|x64.ActiveCfg = Release|x64
		{4A6B6CB6-6D98-4F34-ABF9-05ABB032FC4C}.Release|x64.Build.0 = Release|x64
		{4A6B6CB6-6D98-4F34-ABF9-05ABB032FC4C}.Release|x86.ActiveCfg = Release|Win32
		{4A6B6CB6-6D98-4F34-ABF9-05ABB032FC4C}.Release|x86.Build.0 = Release|Win32
		{64EE3A1E-52EA-45D7-949D-DB5FBABD9777}.Debug|x64.ActiveCfg = Debug|x64
		{64EE3A1E-52EA-45D7-949D-DB5FBABD9777}.Debug|x64.Build.0 = Debug|x64
		{64EE3A1E-52EA-45D7-949D-DB5FBABD9777}.Debug|x86.ActiveCfg = Debug|Win32
		{64EE3A1E-52EA-45D7-949D-DB5FBABD9777}.Debug|x86.Build.0 = Debug|Win32
		{64EE3A1E-52EA-45D7-949D-DB5FBABD9777}.Release|x64.ActiveCfg = Release|x64
		{64EE3A1E-52EA-45D7-949D-DB5FBABD9777}.Release|x64.Build.0 = Release|x64
		{64EE3A1E-52EA-45D7-949D-DB5FBABD9777}.Release|x86.ActiveCfg = Release|Win32
		{64EE3A1E-52EA-45D7-949D-DB5FBABD9777}.Release|x86.Build.0 = Release|Win32
		{F6B13CF3-F5EF-4CC7-B4B5-86CA8BE758DC}.Debug|x64.ActiveCfg = Debug|x64
		{F6B13CF3-F5EF-4CC7-B4B5-86CA8BE758DC}.Debug|x64.Build.0 = Debug|x64
		{F6B13CF3-F5EF-4CC7-B4B5-86CA8BE758DC}.Debug|x86.ActiveCfg = Debug|Win32
		{F6B13CF3-F5EF-4CC7-B4B5-86CA8BE758DC}.Debug|x86.Build.0 = Debug|Win32
		{F6B13CF3-F5EF-4CC7-B4B5-86CA8BE758DC}.Release|x64.ActiveCfg = Release|x64
		{F6B13CF3-F5EF-4CC7-B4B5-86CA8BE758DC}.Release|x64.Build.0 = Release|x64
		{F6B13CF3-F5EF-4CC7-B4B5-86CA8BE758DC}.Release|x86.ActiveCfg = Release|Win32
		{F6B13CF3-F5EF-4CC7-B4B5-86CA8BE758DC}.Release|x86.Build.0 = Release|Win32
		{037C93E3-2493-444A-9576-B6E0B3459ADE}.Debug|x64.ActiveCfg = Debug|x64
		{037C93E3-2493-444A-9576-B6E0B3459ADE}.Debug|x64.Build.0 = Debug|x64
		{037C93E3-2493-444A-9576-B6E0B3459ADE}.Debug|x86.ActiveCfg = Debug|Win32
		{037C93E3-2493-444A-9576-B6E0B3459ADE}.Debug|x86.Build.0 = Debug|Win32
		{037C93E3-2493-444A-9576-B6E0B3459ADE}.Release|x64.ActiveCfg = Release|x64
		{037C93E3-2493-444A-9576-B6E0B3459ADE}.Release|x64.Build.0 = Release|x64
		{037C93E3-2493-444A-9576-B6E0B3459ADE}.Release|x86.ActiveCfg = Release|Win32
		{037C93E3-2493-444A-9576-B6E0B3459ADE}.Release|x86.Build.0 = Release|Win32
		{A47DBC36-AF77-4EB3-80EA-A89E85FF86D2}.Debug|x64.ActiveCfg = Debug|x64
		{A47DBC36-AF77-4EB3-80EA-A89E85FF86D2}.Debug|x64.Build.0 = Debug|x64
		{A47DBC36-AF77-4EB3-80EA-A89E85FF86D2}.Debug|x86.ActiveCfg = Debug|Win32
		{A47DBC36-AF77-4EB3-80EA-A89E85FF86D2}.Debug|x86.Build.0 = Debug|Win32
		{A47DBC36-AF77-4EB3-80EA-A89E85FF86D2}.Release|x64.ActiveCfg = Release|x64
		{A47DBC36-AF77-4EB3-80EA-A89E85FF86D2}.Release|x64.Build.0 = Release|x64
		{A47DBC36-AF77-4EB3-80EA-A89E85FF86D2}.Release|x86.ActiveCfg = Release|Win32
		{A47DBC36-AF77-4EB3-80EA-A89E85FF86D2}.Release|x86.Build.0 = Release|Win32
		{940B0900-DF0F-4BCC-AD42-AE7AF9B4E658}.Debug|x64.ActiveCfg = Debug|x64
		{940B0900-DF0F-4BCC-AD42-AE7AF9B4E658}.Debug|x64.Build.0 = Debug|x64
		{940B0900-DF0F-4BCC-AD42-AE7AF9B4E658}.Debug|x86.ActiveCfg = Debug|Win32
		{940B0900-DF0F-4BCC-AD42-AE7AF9B4E658}.Debug|x86.Build.0 = Debug|Win32
		{940B0900-DF0F-4BCC-AD42-AE7AF9B4E658}.Release|x64.ActiveCfg = Release|x64
		{940B0900-DF0F-4BCC-AD42-AE7AF9B4E658}.Release|x64.Build.0 = Release|x64
		{940B0900-DF0F-4BCC-AD42-AE7AF9B4E658}.Release|x86.ActiveCfg = Release|Win32
		{940B0900-DF0F-4BCC-AD42-AE7AF9B4E658}.Release|x86.Build.0 = Release|Win32
		{E9CED63E-D824-404F-80E9-A0D30C93E631}.Debug|x64.ActiveCfg = Debug|x64
		{E9CED63E-D824-404F-80E9-A0D30C93E631}.Debug|x64.Build.0 = Debug|x64
		{E9CED63E-D824-404F-80E9-A0D30C93E631}.Debug|x86.ActiveCfg = Debug|Win32
		{E9CED63E-D824-404F-80E9-A0D30C93E631}.Debug|x86.Build.0 = Debug|Win32
		{E9CED63E-D824-404F-80E9-A0D30C93E631}.Release|x64.ActiveCfg = Release|x64
		{E9CED63E-D824-404F-80E9-A0D30C93E631}.Release|x64.Build.0 = Release|x64
		{E9CED63E-D824-404F-80E9-A0D30C93E631}.Release|x86.ActiveCfg = Release|Win32
		{E9CED63E-D824-404F-80E9-A0D30C93E631}.Release|x86.Build.0 = Release|Win32
		{0EA5C4E8-7D51-4ECC-9A10-8D905448CC12}.Debug|x64.ActiveCfg = Debug|x64
		{0EA5C4E8-7D51-4ECC-9A10-8D905448CC12}.Debug|x64.Build.0 = Debug|x64
		{0EA5C4E8-7D51-4ECC-9A10-8D905448CC12}.Debug|x86.ActiveCfg = Debug|Win32
		{0EA5C4E8-7D51-4ECC-9A10-8D905448CC12}.Debug|x86.Build.0 = Debug|Win32
		{0EA5C4E8-7D51-4ECC-9A10-8D905448CC12}.Release|x64.ActiveCfg = Release|x64
		{0EA5C4E8-7D51-4ECC-9A10-8D905448CC12}.Release|x64.Build.0 = Release|x64
		{0EA5C4E8-7D51-4ECC-9A10-8D905448CC12}.Release|x86.ActiveCfg = Release|Win32
		{0EA5C4E8-7D51-4ECC-9A10-8D905448CC12}.Release|x86.Build.0 = Release|Win32
		{E9A719F4-BC8E-4A94-8CFA-2D68F1295C8F}.Debug|x64.ActiveCfg = Debug|x64
		{E9A719F4-BC8E-4A94-8CFA-2D68F1295C8F}.Debug|x64.Build.0 = Debug|x64
		{E9A719F4-BC8E-4A94-8CFA-2D68F1295C8F}.Debug|x86.ActiveCfg = Debug|Win32
		{E9A719F4-BC8E-4A94-8CFA-2D68F1295C8F}.Debug|x86.Build.0 = Debug|Win32
		{E9A719F4-BC8E-4A94-8CFA-2D68F1295C8F}.Release|x64.ActiveCfg = Release|x64
		{E9A719F4-BC8E-4A94-8CFA-2D68F1295C8F}.Release|x64.Build.0 = Release|x64
		{E9A719F4-BC8E-4A94-8CFA-2D68F1295C8F}.Release|x86.ActiveCfg = Release|Win32
		{E9A719F4-BC8E-4A94-8CFA-2D68F1295C8F}.Release|x86.Build.0 = Release|Win32
		{9A3949F8-CB7F-4AF7-9162-6BACBCFED8D6}.Debug|x64.ActiveCfg = Debug|x64
		{9A3949F8-CB7F-4AF7-9162-6BACBCFED8D6}.Debug|x64.Build.0 = Debug|x64
		{9A3949F8-CB7F-4AF7-9162-6BACBCFED8D6}.Debug|x86.ActiveCfg = Debug|Win32
		{9A3949F8-CB7F-4AF7-9162-6BACBCFED8D6}.Debug|x86.Build.0 = Debug|Win32
		{9A3949F8-CB7F-4AF7-9162-6BACBCFED8D6}.Release|x64.ActiveCfg = Release|x64
		{9A3949F8-CB7F-4AF7-9162-6BACBCFED8D6}.Release|x64.Build.0 = Release|x64
		{9A3949F8-CB7F-4AF7-9162-6BACBCFED8D6}.Release|x86.ActiveCfg = Release|Win32
		{9A3949F8-CB7F-4AF7-9162-6BACBCFED8D6}.Release|x86.Build.0 = Release|Win32
		{9BB7E7E0-AF62-42CA-B466-D31DFF63A45D}.Debug|x64.ActiveCfg = Debug|x64
		{9BB7E7E0-AF62-42CA-B466-D31DFF63A45D}.Debug|x64.Build.0 = Debug|x64
		{9BB7E7E0-AF62-42CA-B466-D31DFF63A45D}.Debug|x86.ActiveCfg = Debug|Win32
		{9BB7E7E0-AF62-42CA-B466-D31DFF63A45D}.Debug|x86.Build.0 = Debug|Win32
		{9BB7E7E0-AF62-42CA-B466-D31DFF63A45D}.Release|x64.ActiveCfg = Release|x64
		{9BB7E7E0-AF62-42CA-B466-D31DFF63A45D}.Release|x64.Build.0 = Release|x64
		{9BB7E7E0-AF62-42CA-B466-D31DFF63A45D}.Release|x86.ActiveCfg = Release|Win32
		{9BB7E7E0-AF62-42CA-B466-D31DFF63A45D}.Release|x86.Build.0 = Release|Win32
	EndGlobalSection
	GlobalSection(SolutionProperties) = preSolution
		HideSolutionNode = FALSE
	EndGlobalSection
	GlobalSection(ExtensibilityGlobals) = postSolution
		SolutionGuid = {43F73DCC-5F5F-44F2-82AA-EFB0747E7C01}
	EndGlobalSection
EndGlobal
